
Microsoft Visual Studio Solution File, Format Version 12.00
# Visual Studio Version 17
VisualStudioVersion = 17.3.32929.385
MinimumVisualStudioVersion = 10.0.40219.1
Project("{FAE04EC0-301F-11D3-BF4B-00C04F79EFBC}") = "Sudoku", "Sudoku.csproj", "{CCB9DEED-4468-4279-A812-92683CF3623F}"
EndProject
Global
	GlobalSection(SolutionConfigurationPlatforms) = preSolution
		Debug|Any CPU = Debug|Any CPU
		Release|Any CPU = Release|Any CPU
	EndGlobalSection
	GlobalSection(ProjectConfigurationPlatforms) = postSolution
		{CCB9DEED-4468-4279-A812-92683CF3623F}.Debug|Any CPU.ActiveCfg = Debug|Any CPU
		{CCB9DEED-4468-4279-A812-92683CF3623F}.Debug|Any CPU.Build.0 = Debug|Any CPU
		{CCB9DEED-4468-4279-A812-92683CF3623F}.Release|Any CPU.ActiveCfg = Release|Any CPU
		{CCB9DEED-4468-4279-A812-92683CF3623F}.Release|Any CPU.Build.0 = Release|Any CPU
	EndGlobalSection
	GlobalSection(SolutionProperties) = preSolution
		HideSolutionNode = FALSE
	EndGlobalSection
	GlobalSection(ExtensibilityGlobals) = postSolution
		SolutionGuid = {4FFEE67E-8AF5-4DDF-9589-8AC899306352}
	EndGlobalSection
EndGlobal
